{
  "name": "run-js",
  "lockfileVersion": 2,
  "requires": true,
  "packages": {
    "": {
      "name": "run-js",
      "dependencies": {
        "fast-min": "^0.2.0",
        "get-epsg-code": "^0.0.7"
      }
    },
    "node_modules/fast-min": {
      "version": "0.2.0",
      "resolved": "https://registry.npmjs.org/fast-min/-/fast-min-0.2.0.tgz",
      "integrity": "sha512-NCIIOLp9oR5g6SbXuRrP6w7T+JPnjirSaoOHMJ+8vWFXEz4Mb7se4rnZHFRob/BM+CL9UFjp2cBKrJX7NCjPSg==",
      "dependencies": {
        "typed-array-ranges": "^0.0.0"
      }
    },
    "node_modules/get-epsg-code": {
      "version": "0.0.7",
      "resolved": "https://registry.npmjs.org/get-epsg-code/-/get-epsg-code-0.0.7.tgz",
      "integrity": "sha512-bfeZZ3GjgHR/UdkVA0j3nmu87/GslUllSk3XiTMb8qaw8RnX+5fFx29ShsYa47XSSm8at6drvz5qEqSVWmRoMg==",
      "dependencies": {
        "wkt-parser": "^1.2.3",
        "xml-utils": "0.0.2"
      }
    },
    "node_modules/typed-array-ranges": {
      "version": "0.0.0",
      "resolved": "https://registry.npmjs.org/typed-array-ranges/-/typed-array-ranges-0.0.0.tgz",
      "integrity": "sha512-f8IjaA5ELCg0QWdUzep2Ru8CjBHmlDurAwu2L5mOiRdv0KZnpiPnWbZX3fvRHk/AKuglwXV/F7O/tIK3nzLmHQ=="
    },
    "node_modules/wkt-parser": {
      "version": "1.3.1",
      "resolved": "https://registry.npmjs.org/wkt-parser/-/wkt-parser-1.3.1.tgz",
      "integrity": "sha512-XK5qV+Y5gsygQfHx2/cS5a7Zxsgleaw8iX5UPC5eOXPc0TgJAu1JB9lr0iYYX3zAnN3p0aNiaN5c+1Bdblxwrg=="
    },
    "node_modules/xml-utils": {
      "version": "0.0.2",
      "resolved": "https://registry.npmjs.org/xml-utils/-/xml-utils-0.0.2.tgz",
      "integrity": "sha512-WBtuDXSXGW3QiP9DBXUS45OqphjQwoI3lRGs1tPZaseze2nY+Ehn0rMV9+2Qzs0ba3d5/DPyzwxmfHhRKwRs5g=="
    }
  },
  "dependencies": {
    "fast-min": {
      "version": "0.2.0",
      "resolved": "https://registry.npmjs.org/fast-min/-/fast-min-0.2.0.tgz",
      "integrity": "sha512-NCIIOLp9oR5g6SbXuRrP6w7T+JPnjirSaoOHMJ+8vWFXEz4Mb7se4rnZHFRob/BM+CL9UFjp2cBKrJX7NCjPSg==",
      "requires": {
        "typed-array-ranges": "^0.0.0"
      }
    },
    "get-epsg-code": {
      "version": "0.0.7",
      "resolved": "https://registry.npmjs.org/get-epsg-code/-/get-epsg-code-0.0.7.tgz",
      "integrity": "sha512-bfeZZ3GjgHR/UdkVA0j3nmu87/GslUllSk3XiTMb8qaw8RnX+5fFx29ShsYa47XSSm8at6drvz5qEqSVWmRoMg==",
      "requires": {
        "wkt-parser": "^1.2.3",
        "xml-utils": "0.0.2"
      }
    },
    "typed-array-ranges": {
      "version": "0.0.0",
      "resolved": "https://registry.npmjs.org/typed-array-ranges/-/typed-array-ranges-0.0.0.tgz",
      "integrity": "sha512-f8IjaA5ELCg0QWdUzep2Ru8CjBHmlDurAwu2L5mOiRdv0KZnpiPnWbZX3fvRHk/AKuglwXV/F7O/tIK3nzLmHQ=="
    },
    "wkt-parser": {
      "version": "1.3.1",
      "resolved": "https://registry.npmjs.org/wkt-parser/-/wkt-parser-1.3.1.tgz",
      "integrity": "sha512-XK5qV+Y5gsygQfHx2/cS5a7Zxsgleaw8iX5UPC5eOXPc0TgJAu1JB9lr0iYYX3zAnN3p0aNiaN5c+1Bdblxwrg=="
    },
    "xml-utils": {
      "version": "0.0.2",
      "resolved": "https://registry.npmjs.org/xml-utils/-/xml-utils-0.0.2.tgz",
      "integrity": "sha512-WBtuDXSXGW3QiP9DBXUS45OqphjQwoI3lRGs1tPZaseze2nY+Ehn0rMV9+2Qzs0ba3d5/DPyzwxmfHhRKwRs5g=="
    }
  }
}
